{
  "lockfile-version": 1,
  "manifest": {
    "version": 1,
    "install": {
      "cue": {
        "pkg-path": "cue"
      },
      "go": {
        "pkg-path": "go",
        "version": "^1.22.7"
      }
    },
    "vars": {},
    "hook": {
      "on-activate": "  # Autogenerated by Flox\n\n  # Point GOENV to Flox environment cache\n  export GOENV=\"$FLOX_ENV_CACHE/goenv\"\n\n  # Install Go dependencies\n  go get .\n\n  # End autogenerated by Flox\n"
    },
    "profile": {},
    "options": {
      "systems": [
        "aarch64-darwin",
        "aarch64-linux",
        "x86_64-darwin",
        "x86_64-linux"
      ],
      "allow": {
        "licenses": []
      },
      "semver": {}
    },
    "services": {},
    "build": {}
  },
  "packages": [
    {
      "attr_path": "cue",
      "broken": false,
      "derivation": "/nix/store/mlqfipzal0r2ac1n9ssl5dwjc5yvg6ss-cue-0.10.0.drv",
      "description": "Data constraint language which aims to simplify tasks involving defining and using data",
      "install_id": "cue",
      "license": "Apache-2.0",
      "locked_url": "https://github.com/flox/nixpkgs?rev=99dc8785f6a0adac95f5e2ab05cc2e1bf666d172",
      "name": "cue-0.10.0",
      "pname": "cue",
      "rev": "99dc8785f6a0adac95f5e2ab05cc2e1bf666d172",
      "rev_count": 681973,
      "rev_date": "2024-09-16T05:08:36Z",
      "scrape_date": "2024-09-18T03:14:07Z",
      "stabilities": [
        "unstable"
      ],
      "unfree": false,
      "version": "0.10.0",
      "outputs_to_install": [
        "out"
      ],
      "outputs": {
        "out": "/nix/store/wacmq5zjx9mljanqbnpvrgv4nj42ka0b-cue-0.10.0"
      },
      "system": "aarch64-darwin",
      "group": "toplevel",
      "priority": 5
    },
    {
      "attr_path": "cue",
      "broken": false,
      "derivation": "/nix/store/xp30kmgzvyd43hvxai1c3ch2bpnqrv31-cue-0.10.0.drv",
      "description": "Data constraint language which aims to simplify tasks involving defining and using data",
      "install_id": "cue",
      "license": "Apache-2.0",
      "locked_url": "https://github.com/flox/nixpkgs?rev=99dc8785f6a0adac95f5e2ab05cc2e1bf666d172",
      "name": "cue-0.10.0",
      "pname": "cue",
      "rev": "99dc8785f6a0adac95f5e2ab05cc2e1bf666d172",
      "rev_count": 681973,
      "rev_date": "2024-09-16T05:08:36Z",
      "scrape_date": "2024-09-18T03:14:07Z",
      "stabilities": [
        "unstable"
      ],
      "unfree": false,
      "version": "0.10.0",
      "outputs_to_install": [
        "out"
      ],
      "outputs": {
        "out": "/nix/store/2l8xhg0klm6s9vsij96xwgzk05zyzbs1-cue-0.10.0"
      },
      "system": "aarch64-linux",
      "group": "toplevel",
      "priority": 5
    },
    {
      "attr_path": "cue",
      "broken": false,
      "derivation": "/nix/store/d72n608i7hhzsf64p6vi9kwwwwh6cydp-cue-0.10.0.drv",
      "description": "Data constraint language which aims to simplify tasks involving defining and using data",
      "install_id": "cue",
      "license": "Apache-2.0",
      "locked_url": "https://github.com/flox/nixpkgs?rev=99dc8785f6a0adac95f5e2ab05cc2e1bf666d172",
      "name": "cue-0.10.0",
      "pname": "cue",
      "rev": "99dc8785f6a0adac95f5e2ab05cc2e1bf666d172",
      "rev_count": 681973,
      "rev_date": "2024-09-16T05:08:36Z",
      "scrape_date": "2024-09-18T03:14:07Z",
      "stabilities": [
        "unstable"
      ],
      "unfree": false,
      "version": "0.10.0",
      "outputs_to_install": [
        "out"
      ],
      "outputs": {
        "out": "/nix/store/m42a49vp59i3kzkkbh39h2grpcvzpasl-cue-0.10.0"
      },
      "system": "x86_64-darwin",
      "group": "toplevel",
      "priority": 5
    },
    {
      "attr_path": "cue",
      "broken": false,
      "derivation": "/nix/store/f7ms07mgfc36xwh65vcydvz6vvvpvpmb-cue-0.10.0.drv",
      "description": "Data constraint language which aims to simplify tasks involving defining and using data",
      "install_id": "cue",
      "license": "Apache-2.0",
      "locked_url": "https://github.com/flox/nixpkgs?rev=99dc8785f6a0adac95f5e2ab05cc2e1bf666d172",
      "name": "cue-0.10.0",
      "pname": "cue",
      "rev": "99dc8785f6a0adac95f5e2ab05cc2e1bf666d172",
      "rev_count": 681973,
      "rev_date": "2024-09-16T05:08:36Z",
      "scrape_date": "2024-09-18T03:14:07Z",
      "stabilities": [
        "unstable"
      ],
      "unfree": false,
      "version": "0.10.0",
      "outputs_to_install": [
        "out"
      ],
      "outputs": {
        "out": "/nix/store/p0zh18ys9ym1kiyvn1cnmq20803vhzzm-cue-0.10.0"
      },
      "system": "x86_64-linux",
      "group": "toplevel",
      "priority": 5
    },
    {
      "attr_path": "go",
      "broken": false,
      "derivation": "/nix/store/x1p2gf1jcqn29l4agdqrb0w09rib7w3m-go-1.22.7.drv",
      "description": "Go Programming language",
      "install_id": "go",
      "license": "BSD-3-Clause",
      "locked_url": "https://github.com/flox/nixpkgs?rev=99dc8785f6a0adac95f5e2ab05cc2e1bf666d172",
      "name": "go-1.22.7",
      "pname": "go",
      "rev": "99dc8785f6a0adac95f5e2ab05cc2e1bf666d172",
      "rev_count": 681973,
      "rev_date": "2024-09-16T05:08:36Z",
      "scrape_date": "2024-09-18T03:14:07Z",
      "stabilities": [
        "unstable"
      ],
      "unfree": false,
      "version": "1.22.7",
      "outputs_to_install": [
        "out"
      ],
      "outputs": {
        "out": "/nix/store/rfcwglhhspqx5v5h0sl4b3py14i6vpxa-go-1.22.7"
      },
      "system": "aarch64-darwin",
      "group": "toplevel",
      "priority": 5
    },
    {
      "attr_path": "go",
      "broken": false,
      "derivation": "/nix/store/qk95aryv3n1mhmk0lxf55sg9yr0l6138-go-1.22.7.drv",
      "description": "Go Programming language",
      "install_id": "go",
      "license": "BSD-3-Clause",
      "locked_url": "https://github.com/flox/nixpkgs?rev=99dc8785f6a0adac95f5e2ab05cc2e1bf666d172",
      "name": "go-1.22.7",
      "pname": "go",
      "rev": "99dc8785f6a0adac95f5e2ab05cc2e1bf666d172",
      "rev_count": 681973,
      "rev_date": "2024-09-16T05:08:36Z",
      "scrape_date": "2024-09-18T03:14:07Z",
      "stabilities": [
        "unstable"
      ],
      "unfree": false,
      "version": "1.22.7",
      "outputs_to_install": [
        "out"
      ],
      "outputs": {
        "out": "/nix/store/64z59pb0ss407rbv1fcvq0ynngrwfa6k-go-1.22.7"
      },
      "system": "aarch64-linux",
      "group": "toplevel",
      "priority": 5
    },
    {
      "attr_path": "go",
      "broken": false,
      "derivation": "/nix/store/4bjrs6k4a0xjyy5zanbc8igv0cffsi0a-go-1.22.7.drv",
      "description": "Go Programming language",
      "install_id": "go",
      "license": "BSD-3-Clause",
      "locked_url": "https://github.com/flox/nixpkgs?rev=99dc8785f6a0adac95f5e2ab05cc2e1bf666d172",
      "name": "go-1.22.7",
      "pname": "go",
      "rev": "99dc8785f6a0adac95f5e2ab05cc2e1bf666d172",
      "rev_count": 681973,
      "rev_date": "2024-09-16T05:08:36Z",
      "scrape_date": "2024-09-18T03:14:07Z",
      "stabilities": [
        "unstable"
      ],
      "unfree": false,
      "version": "1.22.7",
      "outputs_to_install": [
        "out"
      ],
      "outputs": {
        "out": "/nix/store/r8199g59rmp6ac0lnx86fpk57fbxc3bk-go-1.22.7"
      },
      "system": "x86_64-darwin",
      "group": "toplevel",
      "priority": 5
    },
    {
      "attr_path": "go",
      "broken": false,
      "derivation": "/nix/store/gp0ma9f4n4nxmgbgl1g65kvlf05cl22y-go-1.22.7.drv",
      "description": "Go Programming language",
      "install_id": "go",
      "license": "BSD-3-Clause",
      "locked_url": "https://github.com/flox/nixpkgs?rev=99dc8785f6a0adac95f5e2ab05cc2e1bf666d172",
      "name": "go-1.22.7",
      "pname": "go",
      "rev": "99dc8785f6a0adac95f5e2ab05cc2e1bf666d172",
      "rev_count": 681973,
      "rev_date": "2024-09-16T05:08:36Z",
      "scrape_date": "2024-09-18T03:14:07Z",
      "stabilities": [
        "unstable"
      ],
      "unfree": false,
      "version": "1.22.7",
      "outputs_to_install": [
        "out"
      ],
      "outputs": {
        "out": "/nix/store/chzgk756zb2cqlzbjr86m0lfxi63cdfy-go-1.22.7"
      },
      "system": "x86_64-linux",
      "group": "toplevel",
      "priority": 5
    }
  ]
}